dependencies:
- name: mariadb
  repository: https://charts.bitnami.com/bitnami
  version: 11.5.7
- name: postgresql
  repository: https://charts.bitnami.com/bitnami
  version: 12.1.6
- name: redis
  repository: https://charts.bitnami.com/bitnami
  version: 17.15.2
- name: redis
  repository: https://charts.bitnami.com/bitnami
  version: 17.15.2
- name: dragonfly
  repository: oci://ghcr.io/dragonflydb/dragonfly/helm
  version: v1.34.2
- name: dragonfly
  repository: oci://ghcr.io/dragonflydb/dragonfly/helm
  version: v1.34.2
digest: sha256:ac43ee0a6dfa267b8895e431f2a53355b75abe46e633655e1ee3f767a2a2c62a
generated: "2026-06-28T18:55:21.071297054-05:00"
